
Microsoft Visual Studio Solution File, Format Version 12.00
# Visual Studio 2013
VisualStudioVersion = 12.0.21005.1
MinimumVisualStudioVersion = 10.0.40219.1
Project("{FAE04EC0-301F-11D3-BF4B-00C04F79EFBC}") = "XML2DataGridView", "XML2DataGridView\XML2DataGridView.csproj", "{5FE6BEA0-8553-4663-A1A9-B7AFE229AB41}"
EndProject
Project("{2150E333-8FDC-42A3-9474-1A3956D46DE8}") = "XML Data", "XML Data", "{78FEE421-EA55-4847-9355-A5C2F0CE18A2}"
	ProjectSection(SolutionItems) = preProject
		XML2DataGridView\SimpleSchema1.xsd = XML2DataGridView\SimpleSchema1.xsd
		XML2DataGridView\SimpleSchema2.xsd = XML2DataGridView\SimpleSchema2.xsd
		XML2DataGridView\SimpleSchema3.xsd = XML2DataGridView\SimpleSchema3.xsd
		XML2DataGridView\SimpleTable1.xml = XML2DataGridView\SimpleTable1.xml
		XML2DataGridView\SimpleTable2.xml = XML2DataGridView\SimpleTable2.xml
		XML2DataGridView\SimpleTable3.xml = XML2DataGridView\SimpleTable3.xml
	EndProjectSection
EndProject
Global
	GlobalSection(SolutionConfigurationPlatforms) = preSolution
		Debug|Any CPU = Debug|Any CPU
		Release|Any CPU = Release|Any CPU
	EndGlobalSection
	GlobalSection(ProjectConfigurationPlatforms) = postSolution
		{5FE6BEA0-8553-4663-A1A9-B7AFE229AB41}.Debug|Any CPU.ActiveCfg = Debug|Any CPU
		{5FE6BEA0-8553-4663-A1A9-B7AFE229AB41}.Debug|Any CPU.Build.0 = Debug|Any CPU
		{5FE6BEA0-8553-4663-A1A9-B7AFE229AB41}.Release|Any CPU.ActiveCfg = Release|Any CPU
		{5FE6BEA0-8553-4663-A1A9-B7AFE229AB41}.Release|Any CPU.Build.0 = Release|Any CPU
	EndGlobalSection
	GlobalSection(SolutionProperties) = preSolution
		HideSolutionNode = FALSE
	EndGlobalSection
EndGlobal
